// !$*UTF8*$!
{
	archiveVersion = 1;
	classes = {
	};
	objectVersion = 46;
	objects = {

/* Begin PBXBuildFile section */
		4844575C1AD4FEBA0052A3A1 /* ZLXCodeLineViewController.xib in Resources */ = {isa = PBXBuildFile; fileRef = 4844575B1AD4FEBA0052A3A1 /* ZLXCodeLineViewController.xib */; };
		484BA3A11AD4FDD400C80838 /* ZLXCodeLineViewController.m in Sources */ = {isa = PBXBuildFile; fileRef = 484BA39F1AD4FDD400C80838 /* ZLXCodeLineViewController.m */; };
		48C7CFF11AD4F699005BA715 /* ZLXCodeFileType.m in Sources */ = {isa = PBXBuildFile; fileRef = 48C7CFF01AD4F699005BA715 /* ZLXCodeFileType.m */; };
		48E1357F1AD4CBC5005EAE07 /* ZLXCodeLine.m in Sources */ = {isa = PBXBuildFile; fileRef = 48E1357E1AD4CBC5005EAE07 /* ZLXCodeLine.m */; };
/* End PBXBuildFile section */

/* Begin PBXFileReference section */
		4844575B1AD4FEBA0052A3A1 /* ZLXCodeLineViewController.xib */ = {isa = PBXFileReference; fileEncoding = 4; lastKnownFileType = file.xib; path = ZLXCodeLineViewController.xib; sourceTree = "<group>"; };
		484BA39E1AD4FDD400C80838 /* ZLXCodeLineViewController.h */ = {isa = PBXFileReference; fileEncoding = 4; lastKnownFileType = sourcecode.c.h; path = ZLXCodeLineViewController.h; sourceTree = "<group>"; };
		484BA39F1AD4FDD400C80838 /* ZLXCodeLineViewController.m */ = {isa = PBXFileReference; fileEncoding = 4; lastKnownFileType = sourcecode.c.objc; path = ZLXCodeLineViewController.m; sourceTree = "<group>"; };
		48C0D1951AD3DC6100CA5DFB /* ZLXCodeLine.xcplugin */ = {isa = PBXFileReference; explicitFileType = wrapper.cfbundle; includeInIndex = 0; path = ZLXCodeLine.xcplugin; sourceTree = BUILT_PRODUCTS_DIR; };
		48C0D1991AD3DC6100CA5DFB /* Info.plist */ = {isa = PBXFileReference; lastKnownFileType = text.plist.xml; path = Info.plist; sourceTree = "<group>"; };
		48C7CFEF1AD4F699005BA715 /* ZLXCodeFileType.h */ = {isa = PBXFileReference; fileEncoding = 4; lastKnownFileType = sourcecode.c.h; path = ZLXCodeFileType.h; sourceTree = "<group>"; };
		48C7CFF01AD4F699005BA715 /* ZLXCodeFileType.m */ = {isa = PBXFileReference; fileEncoding = 4; lastKnownFileType = sourcecode.c.objc; path = ZLXCodeFileType.m; sourceTree = "<group>"; };
		48E1357D1AD4CBC5005EAE07 /* ZLXCodeLine.h */ = {isa = PBXFileReference; fileEncoding = 4; lastKnownFileType = sourcecode.c.h; path = ZLXCodeLine.h; sourceTree = "<group>"; };
		48E1357E1AD4CBC5005EAE07 /* ZLXCodeLine.m */ = {isa = PBXFileReference; fileEncoding = 4; lastKnownFileType = sourcecode.c.objc; path = ZLXCodeLine.m; sourceTree = "<group>"; };
/* End PBXFileReference section */

/* Begin PBXFrameworksBuildPhase section */
		48C0D1921AD3DC6100CA5DFB /* Frameworks */ = {
			isa = PBXFrameworksBuildPhase;
			buildActionMask = 2147483647;
			files = (
			);
			runOnlyForDeploymentPostprocessing = 0;
		};
/* End PBXFrameworksBuildPhase section */

/* Begin PBXGroup section */
		48C0D18C1AD3DC6100CA5DFB = {
			isa = PBXGroup;
			children = (
				48C0D1971AD3DC6100CA5DFB /* ZLXCodeLine */,
				48C0D1961AD3DC6100CA5DFB /* Products */,
			);
			sourceTree = "<group>";
		};
		48C0D1961AD3DC6100CA5DFB /* Products */ = {
			isa = PBXGroup;
			children = (
				48C0D1951AD3DC6100CA5DFB /* ZLXCodeLine.xcplugin */,
			);
			name = Products;
			sourceTree = "<group>";
		};
		48C0D1971AD3DC6100CA5DFB /* ZLXCodeLine */ = {
			isa = PBXGroup;
			children = (
				48C0D1981AD3DC6100CA5DFB /* Supporting Files */,
			);
			path = ZLXCodeLine;
			sourceTree = "<group>";
		};
		48C0D1981AD3DC6100CA5DFB /* Supporting Files */ = {
			isa = PBXGroup;
			children = (
				48C80D621AD5484B00367FB4 /* Classes */,
				48C0D1991AD3DC6100CA5DFB /* Info.plist */,
			);
			name = "Supporting Files";
			sourceTree = "<group>";
		};
		48C80D621AD5484B00367FB4 /* Classes */ = {
			isa = PBXGroup;
			children = (
				48E1357D1AD4CBC5005EAE07 /* ZLXCodeLine.h */,
				48E1357E1AD4CBC5005EAE07 /* ZLXCodeLine.m */,
				48C80D641AD5486A00367FB4 /* Model */,
				48C80D631AD5485F00367FB4 /* ViewController */,
			);
			name = Classes;
			sourceTree = "<group>";
		};
		48C80D631AD5485F00367FB4 /* ViewController */ = {
			isa = PBXGroup;
			children = (
				484BA39E1AD4FDD400C80838 /* ZLXCodeLineViewController.h */,
				484BA39F1AD4FDD400C80838 /* ZLXCodeLineViewController.m */,
				4844575B1AD4FEBA0052A3A1 /* ZLXCodeLineViewController.xib */,
			);
			name = ViewController;
			sourceTree = "<group>";
		};
		48C80D641AD5486A00367FB4 /* Model */ = {
			isa = PBXGroup;
			children = (
				48C7CFEF1AD4F699005BA715 /* ZLXCodeFileType.h */,
				48C7CFF01AD4F699005BA715 /* ZLXCodeFileType.m */,
			);
			name = Model;
			sourceTree = "<group>";
		};
/* End PBXGroup section */

/* Begin PBXNativeTarget section */
		48C0D1941AD3DC6100CA5DFB /* ZLXCodeLine */ = {
			isa = PBXNativeTarget;
			buildConfigurationList = 48C0D19C1AD3DC6100CA5DFB /* Build configuration list for PBXNativeTarget "ZLXCodeLine" */;
			buildPhases = (
				48C0D1911AD3DC6100CA5DFB /* Sources */,
				48C0D1921AD3DC6100CA5DFB /* Frameworks */,
				48C0D1931AD3DC6100CA5DFB /* Resources */,
			);
			buildRules = (
			);
			dependencies = (
			);
			name = ZLXCodeLine;
			productName = ZLXCodeLine;
			productReference = 48C0D1951AD3DC6100CA5DFB /* ZLXCodeLine.xcplugin */;
			productType = "com.apple.product-type.bundle";
		};
/* End PBXNativeTarget section */

/* Begin PBXProject section */
		48C0D18D1AD3DC6100CA5DFB /* Project object */ = {
			isa = PBXProject;
			attributes = {
				LastUpgradeCheck = 0620;
				ORGANIZATIONNAME = com.zixue101.www;
				TargetAttributes = {
					48C0D1941AD3DC6100CA5DFB = {
						CreatedOnToolsVersion = 6.2;
					};
				};
			};
			buildConfigurationList = 48C0D1901AD3DC6100CA5DFB /* Build configuration list for PBXProject "ZLXCodeLine" */;
			compatibilityVersion = "Xcode 3.2";
			developmentRegion = English;
			hasScannedForEncodings = 0;
			knownRegions = (
				en,
			);
			mainGroup = 48C0D18C1AD3DC6100CA5DFB;
			productRefGroup = 48C0D1961AD3DC6100CA5DFB /* Products */;
			projectDirPath = "";
			projectRoot = "";
			targets = (
				48C0D1941AD3DC6100CA5DFB /* ZLXCodeLine */,
			);
		};
/* End PBXProject section */

/* Begin PBXResourcesBuildPhase section */
		48C0D1931AD3DC6100CA5DFB /* Resources */ = {
			isa = PBXResourcesBuildPhase;
			buildActionMask = 2147483647;
			files = (
				4844575C1AD4FEBA0052A3A1 /* ZLXCodeLineViewController.xib in Resources */,
			);
			runOnlyForDeploymentPostprocessing = 0;
		};
/* End PBXResourcesBuildPhase section */

/* Begin PBXSourcesBuildPhase section */
		48C0D1911AD3DC6100CA5DFB /* Sources */ = {
			isa = PBXSourcesBuildPhase;
			buildActionMask = 2147483647;
			files = (
				48E1357F1AD4CBC5005EAE07 /* ZLXCodeLine.m in Sources */,
				48C7CFF11AD4F699005BA715 /* ZLXCodeFileType.m in Sources */,
				484BA3A11AD4FDD400C80838 /* ZLXCodeLineViewController.m in Sources */,
			);
			runOnlyForDeploymentPostprocessing = 0;
		};
/* End PBXSourcesBuildPhase section */

/* Begin XCBuildConfiguration section */
		48C0D19A1AD3DC6100CA5DFB /* Debug */ = {
			isa = XCBuildConfiguration;
			buildSettings = {
				ALWAYS_SEARCH_USER_PATHS = NO;
				CLANG_CXX_LANGUAGE_STANDARD = "gnu++0x";
				CLANG_CXX_LIBRARY = "libc++";
				CLANG_ENABLE_MODULES = YES;
				CLANG_ENABLE_OBJC_ARC = YES;
				CLANG_WARN_BOOL_CONVERSION = YES;
				CLANG_WARN_CONSTANT_CONVERSION = YES;
				CLANG_WARN_DIRECT_OBJC_ISA_USAGE = YES_ERROR;
				CLANG_WARN_EMPTY_BODY = YES;
				CLANG_WARN_ENUM_CONVERSION = YES;
				CLANG_WARN_INT_CONVERSION = YES;
				CLANG_WARN_OBJC_ROOT_CLASS = YES_ERROR;
				CLANG_WARN_UNREACHABLE_CODE = YES;
				CLANG_WARN__DUPLICATE_METHOD_MATCH = YES;
				COPY_PHASE_STRIP = NO;
				ENABLE_STRICT_OBJC_MSGSEND = YES;
				GCC_C_LANGUAGE_STANDARD = gnu99;
				GCC_DYNAMIC_NO_PIC = NO;
				GCC_OPTIMIZATION_LEVEL = 0;
				GCC_PREPROCESSOR_DEFINITIONS = (
					"DEBUG=1",
					"$(inherited)",
				);
				GCC_SYMBOLS_PRIVATE_EXTERN = NO;
				GCC_WARN_64_TO_32_BIT_CONVERSION = YES;
				GCC_WARN_ABOUT_RETURN_TYPE = YES_ERROR;
				GCC_WARN_UNDECLARED_SELECTOR = YES;
				GCC_WARN_UNINITIALIZED_AUTOS = YES_AGGRESSIVE;
				GCC_WARN_UNUSED_FUNCTION = YES;
				GCC_WARN_UNUSED_VARIABLE = YES;
				MACOSX_DEPLOYMENT_TARGET = 10.9;
				MTL_ENABLE_DEBUG_INFO = YES;
				ONLY_ACTIVE_ARCH = YES;
				SDKROOT = macosx;
			};
			name = Debug;
		};
		48C0D19B1AD3DC6100CA5DFB /* Release */ = {
			isa = XCBuildConfiguration;
			buildSettings = {
				ALWAYS_SEARCH_USER_PATHS = NO;
				CLANG_CXX_LANGUAGE_STANDARD = "gnu++0x";
				CLANG_CXX_LIBRARY = "libc++";
				CLANG_ENABLE_MODULES = YES;
				CLANG_ENABLE_OBJC_ARC = YES;
				CLANG_WARN_BOOL_CONVERSION = YES;
				CLANG_WARN_CONSTANT_CONVERSION = YES;
				CLANG_WARN_DIRECT_OBJC_ISA_USAGE = YES_ERROR;
				CLANG_WARN_EMPTY_BODY = YES;
				CLANG_WARN_ENUM_CONVERSION = YES;
				CLANG_WARN_INT_CONVERSION = YES;
				CLANG_WARN_OBJC_ROOT_CLASS = YES_ERROR;
				CLANG_WARN_UNREACHABLE_CODE = YES;
				CLANG_WARN__DUPLICATE_METHOD_MATCH = YES;
				COPY_PHASE_STRIP = NO;
				DEBUG_INFORMATION_FORMAT = "dwarf-with-dsym";
				ENABLE_NS_ASSERTIONS = NO;
				ENABLE_STRICT_OBJC_MSGSEND = YES;
				GCC_C_LANGUAGE_STANDARD = gnu99;
				GCC_WARN_64_TO_32_BIT_CONVERSION = YES;
				GCC_WARN_ABOUT_RETURN_TYPE = YES_ERROR;
				GCC_WARN_UNDECLARED_SELECTOR = YES;
				GCC_WARN_UNINITIALIZED_AUTOS = YES_AGGRESSIVE;
				GCC_WARN_UNUSED_FUNCTION = YES;
				GCC_WARN_UNUSED_VARIABLE = YES;
				MACOSX_DEPLOYMENT_TARGET = 10.9;
				MTL_ENABLE_DEBUG_INFO = NO;
				SDKROOT = macosx;
			};
			name = Release;
		};
		48C0D19D1AD3DC6100CA5DFB /* Debug */ = {
			isa = XCBuildConfiguration;
			buildSettings = {
				COMBINE_HIDPI_IMAGES = YES;
				DEPLOYMENT_LOCATION = YES;
				DSTROOT = "${HOME}";
				INFOPLIST_FILE = ZLXCodeLine/Info.plist;
				INSTALL_PATH = "$(LOCAL_LIBRARY_DIR)/Application Support/Developer/Shared/Xcode/Plug-ins";
				PRODUCT_NAME = "$(TARGET_NAME)";
				SKIP_INSTALL = NO;
				WRAPPER_EXTENSION = xcplugin;
			};
			name = Debug;
		};
		48C0D19E1AD3DC6100CA5DFB /* Release */ = {
			isa = XCBuildConfiguration;
			buildSettings = {
				COMBINE_HIDPI_IMAGES = YES;
				DEPLOYMENT_LOCATION = YES;
				DSTROOT = "${HOME}";
				INFOPLIST_FILE = ZLXCodeLine/Info.plist;
				INSTALL_PATH = "$(LOCAL_LIBRARY_DIR)/Application Support/Developer/Shared/Xcode/Plug-ins";
				PRODUCT_NAME = "$(TARGET_NAME)";
				SKIP_INSTALL = NO;
				WRAPPER_EXTENSION = xcplugin;
			};
			name = Release;
		};
/* End XCBuildConfiguration section */

/* Begin XCConfigurationList section */
		48C0D1901AD3DC6100CA5DFB /* Build configuration list for PBXProject "ZLXCodeLine" */ = {
			isa = XCConfigurationList;
			buildConfigurations = (
				48C0D19A1AD3DC6100CA5DFB /* Debug */,
				48C0D19B1AD3DC6100CA5DFB /* Release */,
			);
			defaultConfigurationIsVisible = 0;
			defaultConfigurationName = Release;
		};
		48C0D19C1AD3DC6100CA5DFB /* Build configuration list for PBXNativeTarget "ZLXCodeLine" */ = {
			isa = XCConfigurationList;
			buildConfigurations = (
				48C0D19D1AD3DC6100CA5DFB /* Debug */,
				48C0D19E1AD3DC6100CA5DFB /* Release */,
			);
			defaultConfigurationIsVisible = 0;
			defaultConfigurationName = Release;
		};
/* End XCConfigurationList section */
	};
	rootObject = 48C0D18D1AD3DC6100CA5DFB /* Project object */;
}
